
Microsoft Visual Studio Solution File, Format Version 12.00
# Visual Studio Version 17
VisualStudioVersion = 17.12.35323.107
MinimumVisualStudioVersion = 10.0.40219.1
Project("{2150E333-8FDC-42A3-9474-1A3956D46DE8}") = "Lecture1", "Lecture1", "{4973330D-DF85-4753-ABE4-3420541B159A}"
EndProject
Project("{FAE04EC0-301F-11D3-BF4B-00C04F79EFBC}") = "IntroToCSharp", "Lecture1\IntroToCSharp\IntroToCSharp.csproj", "{C9B684C2-ACBC-4D21-810C-6C554890C6E9}"
EndProject
Project("{FAE04EC0-301F-11D3-BF4B-00C04F79EFBC}") = "HelloWorld", "Lecture1\HelloWorld\HelloWorld.csproj", "{1A395658-74BF-42D4-A5D6-155C54CF182B}"
EndProject
Project("{2150E333-8FDC-42A3-9474-1A3956D46DE8}") = "Lecture2", "Lecture2", "{10709B2A-4999-4DD4-A16D-836AF0049DC1}"
EndProject
Project("{FAE04EC0-301F-11D3-BF4B-00C04F79EFBC}") = "VariablesAndDataTypes", "Lecture2\VariablesAndDataTypes\VariablesAndDataTypes.csproj", "{E4D36148-B785-4B39-8112-1F59F74660BA}"
EndProject
Project("{2150E333-8FDC-42A3-9474-1A3956D46DE8}") = "Lecture3", "Lecture3", "{E12BA04C-4140-446F-9FE6-2A639D2CE627}"
EndProject
Project("{FAE04EC0-301F-11D3-BF4B-00C04F79EFBC}") = "MakingDecision", "Lecture3\MakingDecision\MakingDecision.csproj", "{C6E25815-62E5-4E2C-BE49-1539611E52CB}"
EndProject
Project("{2150E333-8FDC-42A3-9474-1A3956D46DE8}") = "Lecture4", "Lecture4", "{99FD9323-AE15-4C02-99AB-A47E35AC887C}"
EndProject
Project("{FAE04EC0-301F-11D3-BF4B-00C04F79EFBC}") = "Loops", "Lecture4\Loops\Loops.csproj", "{C6B4DD0C-8739-4FE2-971E-CDD28D087AF1}"
EndProject
Project("{2150E333-8FDC-42A3-9474-1A3956D46DE8}") = "Lecture5", "Lecture5", "{ACE4337B-B476-431E-8CC6-BBF20B1C11A0}"
EndProject
Project("{FAE04EC0-301F-11D3-BF4B-00C04F79EFBC}") = "LoopsWithStars", "Lecture5\LoopsWithStars\LoopsWithStars.csproj", "{C07A65FE-42D9-4EE5-8EC5-1939C4C12550}"
EndProject
Project("{2150E333-8FDC-42A3-9474-1A3956D46DE8}") = "Lecture6", "Lecture6", "{CF87CC94-59A7-41BA-9A2D-0212D597E69C}"
EndProject
Project("{FAE04EC0-301F-11D3-BF4B-00C04F79EFBC}") = "Arrays", "Lecture6\Arrays\Arrays.csproj", "{063F53D6-64C9-4297-AB7B-B0BFA32137A6}"
EndProject
Project("{2150E333-8FDC-42A3-9474-1A3956D46DE8}") = "Lecture7", "Lecture7", "{44F35610-BED0-47A0-83CA-5DBA7880E690}"
EndProject
Project("{FAE04EC0-301F-11D3-BF4B-00C04F79EFBC}") = "ForeachLoop", "Lecture7\ForeachLoop\ForeachLoop.csproj", "{21AA5C26-CE1C-4558-93A6-94C072EB6D53}"
EndProject
Project("{2150E333-8FDC-42A3-9474-1A3956D46DE8}") = "Lecture8", "Lecture8", "{D6454805-C146-44AE-9482-3B09EE448D48}"
EndProject
Project("{FAE04EC0-301F-11D3-BF4B-00C04F79EFBC}") = "Methods", "Lecture8\Methods\Methods.csproj", "{8A540267-2993-461E-8D99-01AABB365E5E}"
EndProject
Project("{2150E333-8FDC-42A3-9474-1A3956D46DE8}") = "Lecture9", "Lecture9", "{F7EC9D9E-31D5-48CB-9259-BCF95CAE2E82}"
EndProject
Project("{FAE04EC0-301F-11D3-BF4B-00C04F79EFBC}") = "DatabaseProject", "Lecture9\DatabaseProject\DatabaseProject.csproj", "{F7DC239D-61C9-4733-913D-855335E56D8A}"
EndProject
Project("{2150E333-8FDC-42A3-9474-1A3956D46DE8}") = "Lecture10", "Lecture10", "{A3CAD5C1-879F-46C0-AF3A-DE971FE8280A}"
EndProject
Project("{FAE04EC0-301F-11D3-BF4B-00C04F79EFBC}") = "DatabaseCRUD", "Lecture10\DatabaseCRUD\DatabaseCRUD.csproj", "{18DA4D49-A017-4DD3-A27B-A0D4B181DA0B}"
EndProject
Project("{2150E333-8FDC-42A3-9474-1A3956D46DE8}") = "CSharpNTierArchitecture", "CSharpNTierArchitecture", "{02EA681E-C7D8-13C7-8484-4AC65E1B71E8}"
EndProject
Project("{FAE04EC0-301F-11D3-BF4B-00C04F79EFBC}") = "CSharpBootCamp.EntityLayer", "CSharpNTierArchitecture\CSharpBootCamp.EntityLayer\CSharpBootCamp.EntityLayer.csproj", "{392566F0-E960-4D67-B445-A2A82316F6E1}"
EndProject
Project("{FAE04EC0-301F-11D3-BF4B-00C04F79EFBC}") = "CSharpBootCamp.DataAccessLayer", "CSharpNTierArchitecture\CSharpBootCamp.DataAccessLayer\CSharpBootCamp.DataAccessLayer.csproj", "{BEBFAD02-4DB0-4B98-BD36-BAF3709A5725}"
EndProject
Project("{FAE04EC0-301F-11D3-BF4B-00C04F79EFBC}") = "CSharpBootCamp.BusinessLayer", "CSharpNTierArchitecture\CSharpBootCamp.BusinessLayer\CSharpBootCamp.BusinessLayer.csproj", "{05CF1BC7-8D34-4AC5-856F-49C6AA8E6CA7}"
EndProject
Project("{FAE04EC0-301F-11D3-BF4B-00C04F79EFBC}") = "CSharpBootCamp.PresentationLayer", "CSharpNTierArchitecture\CSharpBootCamp.PresentationLayer\CSharpBootCamp.PresentationLayer.csproj", "{2CC05C34-DD3F-49A1-8405-AC22960C232F}"
EndProject
Global
	GlobalSection(SolutionConfigurationPlatforms) = preSolution
		Debug|Any CPU = Debug|Any CPU
		Release|Any CPU = Release|Any CPU
	EndGlobalSection
	GlobalSection(ProjectConfigurationPlatforms) = postSolution
		{C9B684C2-ACBC-4D21-810C-6C554890C6E9}.Debug|Any CPU.ActiveCfg = Debug|Any CPU
		{C9B684C2-ACBC-4D21-810C-6C554890C6E9}.Debug|Any CPU.Build.0 = Debug|Any CPU
		{C9B684C2-ACBC-4D21-810C-6C554890C6E9}.Release|Any CPU.ActiveCfg = Release|Any CPU
		{C9B684C2-ACBC-4D21-810C-6C554890C6E9}.Release|Any CPU.Build.0 = Release|Any CPU
		{1A395658-74BF-42D4-A5D6-155C54CF182B}.Debug|Any CPU.ActiveCfg = Debug|Any CPU
		{1A395658-74BF-42D4-A5D6-155C54CF182B}.Debug|Any CPU.Build.0 = Debug|Any CPU
		{1A395658-74BF-42D4-A5D6-155C54CF182B}.Release|Any CPU.ActiveCfg = Release|Any CPU
		{1A395658-74BF-42D4-A5D6-155C54CF182B}.Release|Any CPU.Build.0 = Release|Any CPU
		{E4D36148-B785-4B39-8112-1F59F74660BA}.Debug|Any CPU.ActiveCfg = Debug|Any CPU
		{E4D36148-B785-4B39-8112-1F59F74660BA}.Debug|Any CPU.Build.0 = Debug|Any CPU
		{E4D36148-B785-4B39-8112-1F59F74660BA}.Release|Any CPU.ActiveCfg = Release|Any CPU
		{E4D36148-B785-4B39-8112-1F59F74660BA}.Release|Any CPU.Build.0 = Release|Any CPU
		{C6E25815-62E5-4E2C-BE49-1539611E52CB}.Debug|Any CPU.ActiveCfg = Debug|Any CPU
		{C6E25815-62E5-4E2C-BE49-1539611E52CB}.Debug|Any CPU.Build.0 = Debug|Any CPU
		{C6E25815-62E5-4E2C-BE49-1539611E52CB}.Release|Any CPU.ActiveCfg = Release|Any CPU
		{C6E25815-62E5-4E2C-BE49-1539611E52CB}.Release|Any CPU.Build.0 = Release|Any CPU
		{C6B4DD0C-8739-4FE2-971E-CDD28D087AF1}.Debug|Any CPU.ActiveCfg = Debug|Any CPU
		{C6B4DD0C-8739-4FE2-971E-CDD28D087AF1}.Debug|Any CPU.Build.0 = Debug|Any CPU
		{C6B4DD0C-8739-4FE2-971E-CDD28D087AF1}.Release|Any CPU.ActiveCfg = Release|Any CPU
		{C6B4DD0C-8739-4FE2-971E-CDD28D087AF1}.Release|Any CPU.Build.0 = Release|Any CPU
		{C07A65FE-42D9-4EE5-8EC5-1939C4C12550}.Debug|Any CPU.ActiveCfg = Debug|Any CPU
		{C07A65FE-42D9-4EE5-8EC5-1939C4C12550}.Debug|Any CPU.Build.0 = Debug|Any CPU
		{C07A65FE-42D9-4EE5-8EC5-1939C4C12550}.Release|Any CPU.ActiveCfg = Release|Any CPU
		{C07A65FE-42D9-4EE5-8EC5-1939C4C12550}.Release|Any CPU.Build.0 = Release|Any CPU
		{063F53D6-64C9-4297-AB7B-B0BFA32137A6}.Debug|Any CPU.ActiveCfg = Debug|Any CPU
		{063F53D6-64C9-4297-AB7B-B0BFA32137A6}.Debug|Any CPU.Build.0 = Debug|Any CPU
		{063F53D6-64C9-4297-AB7B-B0BFA32137A6}.Release|Any CPU.ActiveCfg = Release|Any CPU
		{063F53D6-64C9-4297-AB7B-B0BFA32137A6}.Release|Any CPU.Build.0 = Release|Any CPU
		{21AA5C26-CE1C-4558-93A6-94C072EB6D53}.Debug|Any CPU.ActiveCfg = Debug|Any CPU
		{21AA5C26-CE1C-4558-93A6-94C072EB6D53}.Debug|Any CPU.Build.0 = Debug|Any CPU
		{21AA5C26-CE1C-4558-93A6-94C072EB6D53}.Release|Any CPU.ActiveCfg = Release|Any CPU
		{21AA5C26-CE1C-4558-93A6-94C072EB6D53}.Release|Any CPU.Build.0 = Release|Any CPU
		{8A540267-2993-461E-8D99-01AABB365E5E}.Debug|Any CPU.ActiveCfg = Debug|Any CPU
		{8A540267-2993-461E-8D99-01AABB365E5E}.Debug|Any CPU.Build.0 = Debug|Any CPU
		{8A540267-2993-461E-8D99-01AABB365E5E}.Release|Any CPU.ActiveCfg = Release|Any CPU
		{8A540267-2993-461E-8D99-01AABB365E5E}.Release|Any CPU.Build.0 = Release|Any CPU
		{F7DC239D-61C9-4733-913D-855335E56D8A}.Debug|Any CPU.ActiveCfg = Debug|Any CPU
		{F7DC239D-61C9-4733-913D-855335E56D8A}.Debug|Any CPU.Build.0 = Debug|Any CPU
		{F7DC239D-61C9-4733-913D-855335E56D8A}.Release|Any CPU.ActiveCfg = Release|Any CPU
		{F7DC239D-61C9-4733-913D-855335E56D8A}.Release|Any CPU.Build.0 = Release|Any CPU
		{18DA4D49-A017-4DD3-A27B-A0D4B181DA0B}.Debug|Any CPU.ActiveCfg = Debug|Any CPU
		{18DA4D49-A017-4DD3-A27B-A0D4B181DA0B}.Debug|Any CPU.Build.0 = Debug|Any CPU
		{18DA4D49-A017-4DD3-A27B-A0D4B181DA0B}.Release|Any CPU.ActiveCfg = Release|Any CPU
		{18DA4D49-A017-4DD3-A27B-A0D4B181DA0B}.Release|Any CPU.Build.0 = Release|Any CPU
		{392566F0-E960-4D67-B445-A2A82316F6E1}.Debug|Any CPU.ActiveCfg = Debug|Any CPU
		{392566F0-E960-4D67-B445-A2A82316F6E1}.Debug|Any CPU.Build.0 = Debug|Any CPU
		{392566F0-E960-4D67-B445-A2A82316F6E1}.Release|Any CPU.ActiveCfg = Release|Any CPU
		{392566F0-E960-4D67-B445-A2A82316F6E1}.Release|Any CPU.Build.0 = Release|Any CPU
		{BEBFAD02-4DB0-4B98-BD36-BAF3709A5725}.Debug|Any CPU.ActiveCfg = Debug|Any CPU
		{BEBFAD02-4DB0-4B98-BD36-BAF3709A5725}.Debug|Any CPU.Build.0 = Debug|Any CPU
		{BEBFAD02-4DB0-4B98-BD36-BAF3709A5725}.Release|Any CPU.ActiveCfg = Release|Any CPU
		{BEBFAD02-4DB0-4B98-BD36-BAF3709A5725}.Release|Any CPU.Build.0 = Release|Any CPU
		{05CF1BC7-8D34-4AC5-856F-49C6AA8E6CA7}.Debug|Any CPU.ActiveCfg = Debug|Any CPU
		{05CF1BC7-8D34-4AC5-856F-49C6AA8E6CA7}.Debug|Any CPU.Build.0 = Debug|Any CPU
		{05CF1BC7-8D34-4AC5-856F-49C6AA8E6CA7}.Release|Any CPU.ActiveCfg = Release|Any CPU
		{05CF1BC7-8D34-4AC5-856F-49C6AA8E6CA7}.Release|Any CPU.Build.0 = Release|Any CPU
		{2CC05C34-DD3F-49A1-8405-AC22960C232F}.Debug|Any CPU.ActiveCfg = Debug|Any CPU
		{2CC05C34-DD3F-49A1-8405-AC22960C232F}.Debug|Any CPU.Build.0 = Debug|Any CPU
		{2CC05C34-DD3F-49A1-8405-AC22960C232F}.Release|Any CPU.ActiveCfg = Release|Any CPU
		{2CC05C34-DD3F-49A1-8405-AC22960C232F}.Release|Any CPU.Build.0 = Release|Any CPU
	EndGlobalSection
	GlobalSection(SolutionProperties) = preSolution
		HideSolutionNode = FALSE
	EndGlobalSection
	GlobalSection(NestedProjects) = preSolution
		{C9B684C2-ACBC-4D21-810C-6C554890C6E9} = {4973330D-DF85-4753-ABE4-3420541B159A}
		{1A395658-74BF-42D4-A5D6-155C54CF182B} = {4973330D-DF85-4753-ABE4-3420541B159A}
		{E4D36148-B785-4B39-8112-1F59F74660BA} = {10709B2A-4999-4DD4-A16D-836AF0049DC1}
		{C6E25815-62E5-4E2C-BE49-1539611E52CB} = {E12BA04C-4140-446F-9FE6-2A639D2CE627}
		{C6B4DD0C-8739-4FE2-971E-CDD28D087AF1} = {99FD9323-AE15-4C02-99AB-A47E35AC887C}
		{C07A65FE-42D9-4EE5-8EC5-1939C4C12550} = {ACE4337B-B476-431E-8CC6-BBF20B1C11A0}
		{063F53D6-64C9-4297-AB7B-B0BFA32137A6} = {CF87CC94-59A7-41BA-9A2D-0212D597E69C}
		{21AA5C26-CE1C-4558-93A6-94C072EB6D53} = {44F35610-BED0-47A0-83CA-5DBA7880E690}
		{8A540267-2993-461E-8D99-01AABB365E5E} = {D6454805-C146-44AE-9482-3B09EE448D48}
		{F7DC239D-61C9-4733-913D-855335E56D8A} = {F7EC9D9E-31D5-48CB-9259-BCF95CAE2E82}
		{18DA4D49-A017-4DD3-A27B-A0D4B181DA0B} = {A3CAD5C1-879F-46C0-AF3A-DE971FE8280A}
		{392566F0-E960-4D67-B445-A2A82316F6E1} = {02EA681E-C7D8-13C7-8484-4AC65E1B71E8}
		{BEBFAD02-4DB0-4B98-BD36-BAF3709A5725} = {02EA681E-C7D8-13C7-8484-4AC65E1B71E8}
		{05CF1BC7-8D34-4AC5-856F-49C6AA8E6CA7} = {02EA681E-C7D8-13C7-8484-4AC65E1B71E8}
		{2CC05C34-DD3F-49A1-8405-AC22960C232F} = {02EA681E-C7D8-13C7-8484-4AC65E1B71E8}
	EndGlobalSection
	GlobalSection(ExtensibilityGlobals) = postSolution
		SolutionGuid = {C6AE835A-07AC-4045-AAB4-9512DAC7EC6E}
	EndGlobalSection
EndGlobal
